{
  "name": "miniprogram-ts-quickstart",
  "version": "1.0.0",
  "lockfileVersion": 1,
  "requires": true,
  "dependencies": {
    "@minui/wxc-avatar": {
      "version": "1.0.5",
      "resolved": "https://registry.npmjs.org/@minui/wxc-avatar/-/wxc-avatar-1.0.5.tgz",
      "integrity": "sha512-qimfLWb6dBmE9Pl7eTs7kC/SSxsnWNLnFgmy6bZ0cDso9TlaTgk7Q3d8W+WtULmFE17cpHCNyPuQUUlVhOSjJQ==",
      "requires": {
        "@minui/wxc-badge": "1.0.5",
        "@minui/wxc-cc": "1.0.4"
      }
    },
    "@minui/wxc-badge": {
      "version": "1.0.5",
      "resolved": "https://registry.npmjs.org/@minui/wxc-badge/-/wxc-badge-1.0.5.tgz",
      "integrity": "sha512-bSSKa3fOIbb53pUjYkawGxlMAW30DcovygDoz9Ps4BMHb98IsAdehsK63u04I52OOis4HAwhERxkSAeQhm9LJQ=="
    },
    "@minui/wxc-cc": {
      "version": "1.0.4",
      "resolved": "https://registry.npmjs.org/@minui/wxc-cc/-/wxc-cc-1.0.4.tgz",
      "integrity": "sha512-583lgIts/aexaA7CJ8mKZpKSqS5zc1qYfFn2IhgTh/xukfLiYuxqI3zIBfUdJmP8VaxSXcuEqXyRRaNUso1U0Q==",
      "requires": {
        "@minui/wxc-flex": "1.0.6"
      }
    },
    "@minui/wxc-flex": {
      "version": "1.0.6",
      "resolved": "https://registry.npmjs.org/@minui/wxc-flex/-/wxc-flex-1.0.6.tgz",
      "integrity": "sha512-sbJGMhqpdFuaczhvytdGgC7/isGlBF+/RyMKIBvqzdx24ZzbrZLCNJ7uk2lOpG1vB7ulpB0uYSAFlyXoaj9Irw=="
    },
    "typescript": {
      "version": "3.3.3333",
      "resolved": "https://registry.npmjs.org/typescript/-/typescript-3.3.3333.tgz",
      "integrity": "sha512-JjSKsAfuHBE/fB2oZ8NxtRTk5iGcg6hkYXMnZ3Wc+b2RSqejEqTaem11mHASMnFilHrax3sLK0GDzcJrekZYLw==",
      "dev": true
    }
  }
}
